{
  "version": 4,
  "terraform_version": "1.1.4",
  "serial": 216,
  "lineage": "8fcc429d-716a-1830-e8fd-272ed9fd69ce",
  "outputs": {
    "FLOATING_IP": {
      "value": "10.54.32.93",
      "type": "string"
    }
  },
  "resources": [
    {
      "mode": "data",
      "type": "nutanix_clusters",
      "name": "clusters",
      "provider": "provider[\"registry.terraform.io/nutanix/nutanix\"]",
      "instances": [
        {
          "schema_version": 0,
          "attributes": {
            "api_version": "3.1",
            "entities": [
              {
                "analysis_vm_efficiency_map": {},
                "api_version": "",
                "authorized_public_key_list": [
                  {
                    "key": "ssh-rsa AAAAB3NzaC1yc2EAAAADAQABAAABAQDXcoWkthPn/qg2cUcE7kdHOFhIUli92Mf5bQ5b6dD4y2ijMPYlS5VXUPkatxix/7wnXmTxrkKwBev2uIEqBPr2m5m+GR++LJodl73zIwLW988eu2gI38LJe/6SEeGLzHdUdCqUJKDWJIL4koUyNQt9EjZYdaEwnrNXA5a3sFBXR06d2K88sdFsplTOFjws1IMeZLc+tACNaAoh0JdR6cKP4EuTbbvMOHhbn/LqAyM3+Ze1swSaNQYScqVrIbJFV6jUYv6daDWqSLkXMtJIDg+/7/DCJ4n57rCxSV6S+i3ztgZ0u8QlxIHI+aR8mnfWh+cTvgdBu9ILKy1c6LcsoBVL jason.burns@nutanix.com",
                    "name": "jason-burns"
                  },
                  {
                    "key": "ssh-rsa AAAAB3NzaC1yc2EAAAADAQABAAABAQDCp7LGgPqY9zcCp3TSCLq4L0Uo0q5Iwdiyibes0WD/DgEE4Y/I0M307D5NhIoUfJIbdRdEzCtR+rm41+B2FLMTtoHlOTOXmlPssXFXUZE7gFcUDkE5kDgTpyB2jXp8Nzwp5Na/znUFfH7xf+JQVx0Lj5Z9BAXnzGco422DhzRg2aISwHRz4YU8iKofbuB0nm1PaFlWoS7CXl5whuCpH5GWkyiC/JeW7LdeGOjOH+QOnPSNElGFt5AOtBgUiRal/NiCKHfb5u+c9s0HY4VDV5gANF1sWN95kA6KpJlzTN+auQTmGQzGYHTQYHqK9zA8hEOF9NjBu9/k78PQs1vF0HKb anuj.gupta@anuj-gupta",
                    "name": "anuj-gupta"
                  },
                  {
                    "key": "ssh-rsa AAAAB3NzaC1yc2EAAAADAQABAAABAQCm4c3RS9wIVax1UmEerl6hQyKW5UZq9xfqGWPdrtDUvdA4jBNZCPfI95bVMsOKxR7hWaAy4jqS/AyehJUNtJDFUhlealJXrZME0yU6qik2uZ/U3ZU2sEpxBEBBGLmJ2BRayBRaFIIr6uBd4Kg6LJlZdZt/5c/wICqN+dWnbn2TgCjlVenUOrPh/4hULPdOEwR5G+tCIs+Dyn5Rp7UAfgOof4yDEGrkDITz1baguGBa8zysCmEYn04Avt0tvZkpitXdWv5/MedM/nrX5/S9UEsvQnOvqwJueZEBFoo/gh6ksWr3LysXA3KIK5OPkf0EBO9NXGAj516c3ggBUNgaFhvL ashwini@macbookpro",
                    "name": "Ash"
                  },
                  {
                    "key": "ssh-rsa AAAAB3NzaC1yc2EAAAADAQABAAABgQCrRBFAhorEQe+BOI3nL9mNWkRRw4rcPI7b7r+VPFGcE110WtFK+dnBbVJIcXh4EsUVZ86U2a87fTCUrfhPxogLHBx3tJCca1LgTnnLyOMf451jYgzVpNcweuWzK1eNVPqBXsqLE4Qe7VcVEfQ/9aXkfWFg6LLXoiDIlXfgwx/jmzdc5uFYE+N8S42CuvYOKgNd2keW4YzOLf8sHU3l4arqGG06kJo4JxnuKQViWJqm3dyNgozyuqiqTIACTA94LNK7rcllgWHbLyaSrZvmC8vdEIvjHe/56+6QJC3G8e7bfALw7MQ7HzSKh6zc9ko2zb8dRSAlZQKQ5NQQGpRINsV4Ykr2HASBz5VN26j0ZSHnwgsWEe8l4m+RjWi8Ynsw5JPyRKsi6islrgoYoL0Mf+gc4afy0uo3yW6hY+XA5vVdzQEOWL8Apwcd2gc/iAx92OSyx7wH4VuUBJageviDk8Vd3XLn72pIR8luvh4C77/VEigfvC8mRskQgQljKL+bBZU= rahul.choudhory@C02FC21ZML85",
                    "name": "Rc"
                  }
                ],
                "build": {
                  "build_type": "release",
                  "commit_date": "2022-05-06T12:14:07Z",
                  "commit_id": "e7131217629fdf9648d499c716861c2d07640de9",
                  "full_version": "el7.3-release-fraser-6.1-stable-pc-2-e7131217629fdf9648d499c716861c2d07640de9",
                  "short_commit_id": "e71312",
                  "version": "pc"
                },
                "ca_certificate_list": [],
                "categories": [],
                "certification_signing_info": {},
                "client_auth": {},
                "cluster_arch": "X86_64",
                "domain_server_credentials": {},
                "domain_server_name": "",
                "domain_server_nameserver": "",
                "enabled_feature_list": [
                  "PASSWORD_REMOTE_LOGIN_ENABLED",
                  "SHADOW_CLONES_ENABLED"
                ],
                "encryption_status": "NOT_SUPPORTED",
                "external_data_services_ip": "",
                "external_ip": "",
                "external_subnet": "10.54.25.0/255.255.255.128",
                "gpu_driver_version": "",
                "http_proxy_list": [],
                "http_proxy_whitelist": [],
                "internal_subnet": "10.54.25.0/255.255.255.128",
                "is_available": true,
                "management_server_list": [],
                "masquerading_ip": "",
                "masquerading_port": 0,
                "metadata": {
                  "creation_time": "2021-08-19 16:40:23 +0000 UTC",
                  "last_update_time": "2021-08-19 16:40:23 +0000 UTC",
                  "name": "",
                  "spec_hash": "00000000000000000000000000000000000000000000000000",
                  "spec_version": "14",
                  "uuid": "bfb86166-a882-4ff3-a6b5-f0986526ab44"
                },
                "name": "Unnamed",
                "name_server_ip_list": [
                  "127.0.0.1",
                  "10.54.1.5",
                  "10.42.196.10"
                ],
                "nfs_subnet_whitelist": [],
                "nodes": [],
                "ntp_server_ip_list": [
                  "127.0.0.1",
                  "10.54.1.5",
                  "10.42.196.10"
                ],
                "operation_mode": "NORMAL",
                "owner_reference": {},
                "project_reference": {},
                "service_list": [
                  "PRISM_CENTRAL"
                ],
                "smtp_server_address": {
                  "fqdn": "mxa-002c1b01.gslb.pphosted.com",
                  "ip": "",
                  "ipv6": "",
                  "port": "25"
                },
                "smtp_server_credentials": {},
                "smtp_server_email_address": "SA-SecNet-STS@nutanix.com",
                "smtp_server_proxy_type_list": [],
                "smtp_server_type": "PLAIN",
                "software_map_ncc": {
                  "software_type": "NCC",
                  "status": "INSTALLED",
                  "version": "ncc-4.6.0"
                },
                "software_map_nos": {
                  "software_type": "NOS",
                  "status": "INSTALLED",
                  "version": "6.1"
                },
                "ssl_key_expire_datetime": "",
                "ssl_key_name": "",
                "ssl_key_signing_info": {},
                "ssl_key_type": "",
                "state": "COMPLETE",
                "supported_information_verbosity": "",
                "timezone": "America/Los_Angeles"
              },
              {
                "analysis_vm_efficiency_map": {
                  "bully_vm_num": "0",
                  "constrained_vm_num": "0",
                  "dead_vm_num": "0",
                  "inefficient_vm_num": "0",
                  "overprovisioned_vm_num": "0"
                },
                "api_version": "",
                "authorized_public_key_list": [
                  {
                    "key": "ssh-rsa AAAAB3NzaC1yc2EAAAADAQABAAABAQDkPjKpxNKmsZ3r+ZepuHFPTvaTcw93Lv1GpT3YNkX69rkZLRhPkBZezv2h025wwEtnuPfE+xZVoL5T+G+qQsROA4vkYq5kszGbGT24Na9QmD+lB9hvx8LEZSKJe9BYb0YNHFrfTcrDYdJyb896jwDhUauxbld6renC3X8RZgG3mn/r5TQUclXOYro3EvPfmsywSrsSEGU0SPDE5D8QEt2hHPzrOQlEqm++uvF9kpQm+55T7cbgkrfmziAinnnLKor1K+z4rXQdj1bOMUmis2UAszXXjrxAg0FI4q5rH5IndYWRRP7buFYZ7tRYk8nveKA4B3QSakZkEQVPWza12qPl",
                    "name": "xlabs"
                  },
                  {
                    "key": "ssh-rsa AAAAB3NzaC1yc2EAAAADAQABAAABAQDXcoWkthPn/qg2cUcE7kdHOFhIUli92Mf5bQ5b6dD4y2ijMPYlS5VXUPkatxix/7wnXmTxrkKwBev2uIEqBPr2m5m+GR++LJodl73zIwLW988eu2gI38LJe/6SEeGLzHdUdCqUJKDWJIL4koUyNQt9EjZYdaEwnrNXA5a3sFBXR06d2K88sdFsplTOFjws1IMeZLc+tACNaAoh0JdR6cKP4EuTbbvMOHhbn/LqAyM3+Ze1swSaNQYScqVrIbJFV6jUYv6daDWqSLkXMtJIDg+/7/DCJ4n57rCxSV6S+i3ztgZ0u8QlxIHI+aR8mnfWh+cTvgdBu9ILKy1c6LcsoBVL jason.burns@nutanix.com",
                    "name": "JasonBurnsKey"
                  }
                ],
                "build": {
                  "build_type": "release",
                  "commit_date": "",
                  "commit_id": "8b6798dcb817e8ba61ac2727b6fdfc84c4061052",
                  "full_version": "el7.3-release-fraser-6.1.1.5-stable-8b6798dcb817e8ba61ac2727b6fdfc84c4061052",
                  "short_commit_id": "8b6798",
                  "version": "6.1.1.5"
                },
                "ca_certificate_list": [],
                "categories": [],
                "certification_signing_info": {},
                "client_auth": {},
                "cluster_arch": "X86_64",
                "domain_server_credentials": {},
                "domain_server_name": "",
                "domain_server_nameserver": "",
                "enabled_feature_list": [
                  "PASSWORD_REMOTE_LOGIN_ENABLED",
                  "SHADOW_CLONES_ENABLED"
                ],
                "encryption_status": "NOT_SUPPORTED",
                "external_data_services_ip": "10.54.25.38",
                "external_ip": "10.54.25.37",
                "external_subnet": "10.54.25.0/255.255.255.128",
                "gpu_driver_version": "",
                "http_proxy_list": [],
                "http_proxy_whitelist": [],
                "internal_subnet": "192.168.5.0/255.255.255.128",
                "is_available": true,
                "management_server_list": [],
                "masquerading_ip": "",
                "masquerading_port": 0,
                "metadata": {
                  "creation_time": "2021-08-19 17:52:55 +0000 UTC",
                  "last_update_time": "2021-08-19 17:52:55 +0000 UTC",
                  "name": "",
                  "spec_hash": "00000000000000000000000000000000000000000000000000",
                  "spec_version": "24",
                  "uuid": "0005c8ad-d0e1-d6f7-0000-00000000667a"
                },
                "name": "FLOWLAB-STS",
                "name_server_ip_list": [
                  "10.42.196.10",
                  "8.8.8.8"
                ],
                "nfs_subnet_whitelist": [],
                "nodes": [
                  {
                    "ip": "127.0.0.1",
                    "type": "AHV",
                    "version": ""
                  },
                  {
                    "ip": "10.54.25.25",
                    "type": "AHV",
                    "version": "el7.nutanix.20201105.30398"
                  },
                  {
                    "ip": "10.54.25.26",
                    "type": "AHV",
                    "version": "el7.nutanix.20201105.30398"
                  },
                  {
                    "ip": "10.54.25.27",
                    "type": "AHV",
                    "version": "el7.nutanix.20201105.30398"
                  },
                  {
                    "ip": "10.54.25.28",
                    "type": "AHV",
                    "version": "el7.nutanix.20201105.30398"
                  }
                ],
                "ntp_server_ip_list": [
                  "10.42.196.10",
                  "8.8.8.8"
                ],
                "operation_mode": "NORMAL",
                "owner_reference": {},
                "project_reference": {},
                "service_list": [
                  "AOS"
                ],
                "smtp_server_address": {},
                "smtp_server_credentials": {},
                "smtp_server_email_address": "",
                "smtp_server_proxy_type_list": [],
                "smtp_server_type": "",
                "software_map_ncc": {
                  "software_type": "NCC",
                  "status": "INSTALLED",
                  "version": "ncc-4.6.0"
                },
                "software_map_nos": {
                  "software_type": "NOS",
                  "status": "INSTALLED",
                  "version": "6.1.1.5"
                },
                "ssl_key_expire_datetime": "",
                "ssl_key_name": "",
                "ssl_key_signing_info": {},
                "ssl_key_type": "",
                "state": "COMPLETE",
                "supported_information_verbosity": "BASIC_PLUS_CORE_DUMP",
                "timezone": "America/New_York"
              }
            ],
            "id": "terraform-20221020150446792400000001"
          },
          "sensitive_attributes": []
        }
      ]
    },
    {
      "mode": "data",
      "type": "nutanix_floating_ip",
      "name": "fip4",
      "provider": "provider[\"registry.terraform.io/nutanix/nutanix\"]",
      "instances": [
        {
          "schema_version": 0,
          "attributes": {
            "api_version": "3.1",
            "floating_ip_uuid": "95e9b4fd-b6b5-4a73-b856-c921e3d8513f",
            "id": "95e9b4fd-b6b5-4a73-b856-c921e3d8513f",
            "metadata": {
              "creation_time": "2022-10-20 14:54:58 +0000 UTC",
              "last_update_time": "2022-10-20 14:54:58 +0000 UTC",
              "name": "",
              "spec_hash": "00000000000000000000000000000000000000000000000000",
              "spec_version": "0",
              "uuid": "95e9b4fd-b6b5-4a73-b856-c921e3d8513f"
            },
            "spec": [
              {
                "resources": [
                  {
                    "external_subnet_reference": {
                      "kind": "subnet",
                      "uuid": "3fef6676-ab93-4395-9aa9-bd30cfed6f33"
                    },
                    "vm_nic_reference": {
                      "kind": "vm_nic",
                      "uuid": "45685702-4dba-4f14-8f17-8a1202c8f1a2"
                    },
                    "vpc_reference": {}
                  }
                ]
              }
            ],
            "status": [
              {
                "execution_context": [
                  {
                    "task_uuid": [
                      "4f3c14e0-24f9-49d1-a901-1bd8a0c7d0ec"
                    ]
                  }
                ],
                "name": "",
                "resources": [
                  {
                    "external_subnet_reference": {
                      "kind": "subnet",
                      "uuid": "3fef6676-ab93-4395-9aa9-bd30cfed6f33"
                    },
                    "floating_ip": "10.54.32.93",
                    "vm_nic_reference": {
                      "kind": "vm_nic",
                      "uuid": "45685702-4dba-4f14-8f17-8a1202c8f1a2"
                    },
                    "vpc_reference": {}
                  }
                ],
                "state": "COMPLETE"
              }
            ]
          },
          "sensitive_attributes": []
        }
      ]
    },
    {
      "mode": "data",
      "type": "nutanix_subnet",
      "name": "subnet",
      "provider": "provider[\"registry.terraform.io/nutanix/nutanix\"]",
      "instances": [
        {
          "schema_version": 0,
          "attributes": {
            "additional_filter": null,
            "api_version": "",
            "availability_zone_reference": {},
            "categories": [],
            "cluster_name": "FLOWLAB-STS",
            "cluster_uuid": "0005c8ad-d0e1-d6f7-0000-00000000667a",
            "default_gateway_ip": "10.54.32.1",
            "description": "",
            "dhcp_domain_name_server_list": [],
            "dhcp_domain_search_list": [],
            "dhcp_options": {},
            "dhcp_server_address": {},
            "dhcp_server_address_port": 0,
            "enable_nat": true,
            "id": "3fef6676-ab93-4395-9aa9-bd30cfed6f33",
            "ip_config_pool_list_ranges": [
              "10.54.32.10 10.54.32.250"
            ],
            "is_external": true,
            "message_list": null,
            "metadata": {
              "creation_time": "2021-08-20 20:41:04 +0000 UTC",
              "last_update_time": "2021-08-20 20:41:06 +0000 UTC",
              "name": "",
              "spec_hash": "00000000000000000000000000000000000000000000000000",
              "spec_version": "1",
              "uuid": "3fef6676-ab93-4395-9aa9-bd30cfed6f33"
            },
            "name": "vlan1060-external",
            "network_function_chain_reference": {},
            "owner_reference": {
              "kind": "user",
              "name": "jburns",
              "uuid": "ee05b6ab-b3d3-5824-9920-07ea62eadde3"
            },
            "prefix_length": 24,
            "project_reference": {},
            "state": "COMPLETE",
            "subnet_id": null,
            "subnet_ip": "10.54.32.0",
            "subnet_name": "vlan1060-external",
            "subnet_type": "VLAN",
            "vlan_id": 1060,
            "vpc_reference": {},
            "vswitch_name": ""
          },
          "sensitive_attributes": []
        }
      ]
    },
    {
      "mode": "managed",
      "type": "null_resource",
      "name": "installweb",
      "provider": "provider[\"registry.terraform.io/hashicorp/null\"]",
      "instances": [
        {
          "schema_version": 0,
          "attributes": {
            "id": "7756742802091340522",
            "triggers": null
          },
          "sensitive_attributes": [],
          "private": "bnVsbA==",
          "dependencies": [
            "data.nutanix_clusters.clusters",
            "data.nutanix_floating_ip.fip4",
            "nutanix_floating_ip.fip",
            "nutanix_image.centos8",
            "nutanix_subnet.subnetOverlay",
            "nutanix_virtual_machine.vm_tf",
            "nutanix_vpc.vpc_tf"
          ]
        }
      ]
    },
    {
      "mode": "managed",
      "type": "nutanix_floating_ip",
      "name": "fip",
      "provider": "provider[\"registry.terraform.io/nutanix/nutanix\"]",
      "instances": [
        {
          "schema_version": 0,
          "attributes": {
            "api_version": "3.1",
            "external_subnet_reference_name": "vlan1060-external",
            "external_subnet_reference_uuid": "3fef6676-ab93-4395-9aa9-bd30cfed6f33",
            "id": "95e9b4fd-b6b5-4a73-b856-c921e3d8513f",
            "metadata": {
              "creation_time": "2022-10-20 14:54:58 +0000 UTC",
              "last_update_time": "2022-10-20 14:54:58 +0000 UTC",
              "name": "",
              "spec_hash": "00000000000000000000000000000000000000000000000000",
              "spec_version": "0",
              "uuid": "95e9b4fd-b6b5-4a73-b856-c921e3d8513f"
            },
            "private_ip": "",
            "vm_nic_reference_uuid": "45685702-4dba-4f14-8f17-8a1202c8f1a2",
            "vpc_reference_name": null,
            "vpc_reference_uuid": null
          },
          "sensitive_attributes": [],
          "private": "bnVsbA==",
          "dependencies": [
            "data.nutanix_clusters.clusters",
            "nutanix_image.centos8",
            "nutanix_subnet.subnetOverlay",
            "nutanix_virtual_machine.vm_tf",
            "nutanix_vpc.vpc_tf"
          ]
        }
      ]
    },
    {
      "mode": "managed",
      "type": "nutanix_image",
      "name": "centos8",
      "provider": "provider[\"registry.terraform.io/nutanix/nutanix\"]",
      "instances": [
        {
          "schema_version": 1,
          "attributes": {
            "api_version": "3.1",
            "architecture": null,
            "availability_zone_reference": {},
            "categories": [],
            "checksum": {},
            "cluster_name": null,
            "cluster_references": [],
            "cluster_uuid": null,
            "current_cluster_reference_list": [
              {
                "kind": "cluster",
                "name": "",
                "uuid": "0005c8ad-d0e1-d6f7-0000-00000000667a"
              }
            ],
            "description": "centos 7 image",
            "id": "82e7bd58-8ec6-45c6-96e1-9e4471176894",
            "image_type": "DISK_IMAGE",
            "metadata": {
              "creation_time": "2022-10-20 14:49:58 +0000 UTC",
              "last_update_time": "2022-10-20 14:54:33 +0000 UTC",
              "name": "",
              "spec_hash": "00000000000000000000000000000000000000000000000000",
              "spec_version": "1",
              "uuid": "82e7bd58-8ec6-45c6-96e1-9e4471176894"
            },
            "name": "centos8",
            "owner_reference": {
              "kind": "user",
              "name": "admin",
              "uuid": "00000000-0000-0000-0000-000000000000"
            },
            "project_reference": null,
            "retrieval_uri_list": [
              "https://127.0.0.1:9440/api/nutanix/v3/images/82e7bd58-8ec6-45c6-96e1-9e4471176894/file"
            ],
            "size_bytes": 10737418240,
            "source_path": null,
            "source_uri": "http://10.42.194.11/workshop_staging/CentOS7.qcow2",
            "state": "COMPLETE",
            "timeouts": null,
            "version": {}
          },
          "sensitive_attributes": [],
          "private": "eyJlMmJmYjczMC1lY2FhLTExZTYtOGY4OC0zNDM2M2JjN2M0YzAiOnsiY3JlYXRlIjozNjAwMDAwMDAwMDAwLCJkZWxldGUiOjM2MDAwMDAwMDAwMDAsInVwZGF0ZSI6MzYwMDAwMDAwMDAwMH0sInNjaGVtYV92ZXJzaW9uIjoiMSJ9"
        }
      ]
    },
    {
      "mode": "managed",
      "type": "nutanix_static_routes",
      "name": "static_routes",
      "provider": "provider[\"registry.terraform.io/nutanix/nutanix\"]",
      "instances": [
        {
          "schema_version": 0,
          "attributes": {
            "api_version": "3.1",
            "default_route_nexthop": [
              {
                "external_subnet_reference_uuid": "3fef6676-ab93-4395-9aa9-bd30cfed6f33"
              }
            ],
            "id": "2c5108a7-6d4c-4e26-9960-e24e7cf80580",
            "metadata": {
              "creation_time": "2022-10-20 14:50:03 +0000 UTC",
              "last_update_time": "2022-10-20 14:50:04 +0000 UTC",
              "name": "",
              "spec_hash": "00000000000000000000000000000000000000000000000000",
              "spec_version": "1",
              "uuid": "d3aef758-92b3-b1d9-669f-1db18307fa7f"
            },
            "static_routes_list": [],
            "vpc_name": "YM-VPC-DEV-TF",
            "vpc_uuid": "2c5108a7-6d4c-4e26-9960-e24e7cf80580"
          },
          "sensitive_attributes": [],
          "private": "bnVsbA==",
          "dependencies": [
            "data.nutanix_subnet.subnet",
            "nutanix_vpc.vpc_tf"
          ]
        }
      ]
    },
    {
      "mode": "managed",
      "type": "nutanix_subnet",
      "name": "subnetOverlay",
      "provider": "provider[\"registry.terraform.io/nutanix/nutanix\"]",
      "instances": [
        {
          "schema_version": 1,
          "attributes": {
            "api_version": "3.1",
            "availability_zone_reference": {},
            "categories": [],
            "cluster_name": null,
            "cluster_uuid": null,
            "default_gateway_ip": "192.168.1.1",
            "description": "",
            "dhcp_domain_name_server_list": [
              "8.8.8.8"
            ],
            "dhcp_domain_search_list": [],
            "dhcp_options": {
              "boot_file_name": "",
              "domain_name": "",
              "tftp_server_name": ""
            },
            "dhcp_server_address": {
              "ip": "192.168.1.1"
            },
            "dhcp_server_address_port": 0,
            "enable_nat": false,
            "id": "8fc55e21-ae8e-4337-94f0-e029e7c8a323",
            "ip_config_pool_list_ranges": [
              "192.168.1.10 192.168.1.20"
            ],
            "is_external": false,
            "metadata": {
              "creation_time": "2022-10-20 14:50:01 +0000 UTC",
              "last_update_time": "2022-10-20 14:50:01 +0000 UTC",
              "name": "",
              "spec_hash": "00000000000000000000000000000000000000000000000000",
              "spec_version": "1",
              "uuid": "8fc55e21-ae8e-4337-94f0-e029e7c8a323"
            },
            "name": "YM-LS-Web-Dev-TF",
            "network_function_chain_reference": {},
            "owner_reference": {
              "kind": "user",
              "name": "admin",
              "uuid": "00000000-0000-0000-0000-000000000000"
            },
            "prefix_length": 24,
            "project_reference": {},
            "state": "COMPLETE",
            "subnet_ip": "192.168.1.0",
            "subnet_type": "OVERLAY",
            "timeouts": null,
            "vlan_id": 0,
            "vpc_reference_uuid": "2c5108a7-6d4c-4e26-9960-e24e7cf80580",
            "vswitch_name": ""
          },
          "sensitive_attributes": [],
          "private": "eyJlMmJmYjczMC1lY2FhLTExZTYtOGY4OC0zNDM2M2JjN2M0YzAiOnsiY3JlYXRlIjozNjAwMDAwMDAwMDAwLCJkZWxldGUiOjM2MDAwMDAwMDAwMDAsInVwZGF0ZSI6MzYwMDAwMDAwMDAwMH0sInNjaGVtYV92ZXJzaW9uIjoiMSJ9",
          "dependencies": [
            "nutanix_vpc.vpc_tf"
          ]
        }
      ]
    },
    {
      "mode": "managed",
      "type": "nutanix_virtual_machine",
      "name": "vm_tf",
      "provider": "provider[\"registry.terraform.io/nutanix/nutanix\"]",
      "instances": [
        {
          "schema_version": 1,
          "attributes": {
            "api_version": "3.1",
            "availability_zone_reference": {},
            "boot_device_disk_address": {},
            "boot_device_mac_address": "",
            "boot_device_order_list": [],
            "boot_type": "",
            "categories": [],
            "cloud_init_cdrom_uuid": "bc49e840-37b3-4fe2-b427-3235207a9a6a",
            "cluster_name": "FLOWLAB-STS",
            "cluster_uuid": "0005c8ad-d0e1-d6f7-0000-00000000667a",
            "description": "",
            "disk_list": [
              {
                "data_source_reference": {
                  "kind": "image",
                  "uuid": "82e7bd58-8ec6-45c6-96e1-9e4471176894"
                },
                "device_properties": [
                  {
                    "device_type": "DISK",
                    "disk_address": {
                      "adapter_type": "SCSI",
                      "device_index": "0"
                    }
                  }
                ],
                "disk_size_bytes": 10737418240,
                "disk_size_mib": 10240,
                "storage_config": [
                  {
                    "flash_mode": "",
                    "storage_container_reference": [
                      {
                        "kind": "storage_container",
                        "name": "SelfServiceContainer",
                        "url": "",
                        "uuid": "370cda65-a399-4f7c-980f-eca22e5064fb"
                      }
                    ]
                  }
                ],
                "uuid": "2d1670af-f11b-4004-b0bc-f249ba73b282",
                "volume_group_reference": {}
              },
              {
                "data_source_reference": {},
                "device_properties": [
                  {
                    "device_type": "DISK",
                    "disk_address": {
                      "adapter_type": "SCSI",
                      "device_index": "1"
                    }
                  }
                ],
                "disk_size_bytes": 104857600000,
                "disk_size_mib": 100000,
                "storage_config": [
                  {
                    "flash_mode": "",
                    "storage_container_reference": [
                      {
                        "kind": "storage_container",
                        "name": "SelfServiceContainer",
                        "url": "",
                        "uuid": "370cda65-a399-4f7c-980f-eca22e5064fb"
                      }
                    ]
                  }
                ],
                "uuid": "387ee870-bd15-43d8-be6c-b7eded4807a6",
                "volume_group_reference": {}
              },
              {
                "data_source_reference": {},
                "device_properties": [
                  {
                    "device_type": "CDROM",
                    "disk_address": {
                      "adapter_type": "SATA",
                      "device_index": "1"
                    }
                  }
                ],
                "disk_size_bytes": 0,
                "disk_size_mib": 0,
                "storage_config": [],
                "uuid": "a28a5488-0745-42d3-a8bf-1cfa126d57e8",
                "volume_group_reference": {}
              }
            ],
            "enable_cpu_passthrough": false,
            "enable_script_exec": false,
            "gpu_list": [],
            "guest_customization_cloud_init_custom_key_values": {},
            "guest_customization_cloud_init_meta_data": "",
            "guest_customization_cloud_init_user_data": "I2Nsb3VkLWNvbmZpZyAKdXNlcnM6CiAgLSBuYW1lOiByb290CiAgICBzdWRvOiBbJ0FMTD0oQUxMKSBOT1BBU1NXRDpBTEwnXQpjaHBhc3N3ZDoKICBsaXN0OiB8CiAgICByb290Om51dGFuaXgvNHUKICBleHBpcmU6IEZhbHNlCnNzaF9wd2F1dGg6IHRydWUi",
            "guest_customization_is_overridable": false,
            "guest_customization_sysprep": {},
            "guest_customization_sysprep_custom_key_values": {},
            "guest_os_id": "",
            "hardware_clock_timezone": "UTC",
            "host_reference": {
              "kind": "host",
              "name": "10.54.25.28",
              "uuid": "826a39b2-51dc-4ad8-9e3e-c8c04c4d34f5"
            },
            "hypervisor_type": null,
            "id": "1fad77cc-6633-453e-aeaa-c485501a793e",
            "is_vcpu_hard_pinned": false,
            "machine_type": "PC",
            "memory_size_mib": 2048,
            "metadata": {
              "creation_time": "2022-10-20 14:54:40 +0000 UTC",
              "last_update_time": "2022-10-20 14:54:40 +0000 UTC",
              "name": "",
              "spec_hash": "",
              "spec_version": "0",
              "uuid": "1fad77cc-6633-453e-aeaa-c485501a793e"
            },
            "name": "YM-WEB-DEV-TF",
            "ngt_credentials": {},
            "ngt_enabled_capability_list": [],
            "nic_list": [
              {
                "ip_endpoint_list": [
                  {
                    "ip": "192.168.1.13",
                    "type": "ASSIGNED"
                  }
                ],
                "is_connected": "true",
                "mac_address": "50:6b:8d:40:74:a0",
                "model": "",
                "network_function_chain_reference": {},
                "network_function_nic_type": "",
                "nic_type": "NORMAL_NIC",
                "num_queues": 0,
                "subnet_name": "YM-LS-Web-Dev-TF",
                "subnet_uuid": "8fc55e21-ae8e-4337-94f0-e029e7c8a323",
                "uuid": "45685702-4dba-4f14-8f17-8a1202c8f1a2"
              }
            ],
            "nic_list_status": [
              {
                "floating_ip": "",
                "ip_endpoint_list": [
                  {
                    "ip": "192.168.1.13",
                    "type": "ASSIGNED"
                  }
                ],
                "is_connected": "true",
                "mac_address": "50:6b:8d:40:74:a0",
                "model": "",
                "network_function_chain_reference": {},
                "network_function_nic_type": "",
                "nic_type": "NORMAL_NIC",
                "num_queues": 0,
                "subnet_name": "YM-LS-Web-Dev-TF",
                "subnet_uuid": "8fc55e21-ae8e-4337-94f0-e029e7c8a323",
                "uuid": "45685702-4dba-4f14-8f17-8a1202c8f1a2"
              }
            ],
            "num_sockets": 1,
            "num_vcpus_per_socket": 1,
            "num_vnuma_nodes": 0,
            "nutanix_guest_tools": {},
            "owner_reference": {
              "kind": "user",
              "name": "admin",
              "uuid": "00000000-0000-0000-0000-000000000000"
            },
            "parent_reference": {},
            "power_state": "ON",
            "power_state_mechanism": "HARD",
            "project_reference": {
              "kind": "project",
              "name": "_internal",
              "uuid": "0a3acfbf-cd1d-4317-9a59-d6d45017c7f4"
            },
            "serial_port_list": [],
            "should_fail_on_script_failure": false,
            "state": "COMPLETE",
            "timeouts": null,
            "use_hot_add": true,
            "vga_console_enabled": true
          },
          "sensitive_attributes": [],
          "private": "eyJlMmJmYjczMC1lY2FhLTExZTYtOGY4OC0zNDM2M2JjN2M0YzAiOnsiY3JlYXRlIjozNjAwMDAwMDAwMDAwLCJkZWxldGUiOjM2MDAwMDAwMDAwMDAsInVwZGF0ZSI6MzYwMDAwMDAwMDAwMH0sInNjaGVtYV92ZXJzaW9uIjoiMSJ9",
          "dependencies": [
            "data.nutanix_clusters.clusters",
            "nutanix_image.centos8",
            "nutanix_subnet.subnetOverlay",
            "nutanix_vpc.vpc_tf"
          ]
        }
      ]
    },
    {
      "mode": "managed",
      "type": "nutanix_vpc",
      "name": "vpc_tf",
      "provider": "provider[\"registry.terraform.io/nutanix/nutanix\"]",
      "instances": [
        {
          "schema_version": 0,
          "attributes": {
            "api_version": "3.1",
            "common_domain_name_server_ip_list": [],
            "external_subnet_list_status": [
              {
                "active_gateway_node": [
                  {
                    "host_reference": {
                      "kind": "host",
                      "uuid": "826a39b2-51dc-4ad8-9e3e-c8c04c4d34f5"
                    },
                    "ip_address": "10.54.25.28"
                  }
                ],
                "external_ip_list": [
                  "10.54.32.243"
                ],
                "external_subnet_reference": {
                  "kind": "subnet",
                  "uuid": "3fef6676-ab93-4395-9aa9-bd30cfed6f33"
                }
              }
            ],
            "external_subnet_reference_name": [
              "vlan1060-external"
            ],
            "external_subnet_reference_uuid": [
              "3fef6676-ab93-4395-9aa9-bd30cfed6f33"
            ],
            "externally_routable_prefix_list": [],
            "id": "2c5108a7-6d4c-4e26-9960-e24e7cf80580",
            "metadata": {
              "creation_time": "2022-10-20 14:49:58 +0000 UTC",
              "last_update_time": "2022-10-20 14:49:59 +0000 UTC",
              "name": "",
              "spec_hash": "00000000000000000000000000000000000000000000000000",
              "spec_version": "0",
              "uuid": "2c5108a7-6d4c-4e26-9960-e24e7cf80580"
            },
            "name": "YM-VPC-DEV-TF"
          },
          "sensitive_attributes": [],
          "private": "bnVsbA=="
        }
      ]
    }
  ]
}
